// !$*UTF8*$!
{
	archiveVersion = 1;
	classes = {
	};
	objectVersion = 56;
	objects = {

/* Begin PBXBuildFile section */
		D54A8F512BC3608B00516705 /* AppDelegate.swift in Sources */ = {isa = PBXBuildFile; fileRef = D54A8F502BC3608B00516705 /* AppDelegate.swift */; };
		D54A8F532BC3608B00516705 /* ViewController.swift in Sources */ = {isa = PBXBuildFile; fileRef = D54A8F522BC3608B00516705 /* ViewController.swift */; };
		D54A8F552BC3608C00516705 /* Assets.xcassets in Resources */ = {isa = PBXBuildFile; fileRef = D54A8F542BC3608C00516705 /* Assets.xcassets */; };
		D54A8F582BC3608C00516705 /* Base in Resources */ = {isa = PBXBuildFile; fileRef = D54A8F572BC3608C00516705 /* Base */; };
		D54A8F632BC3608C00516705 /* HypersonicTests.swift in Sources */ = {isa = PBXBuildFile; fileRef = D54A8F622BC3608C00516705 /* HypersonicTests.swift */; };
		D54A8F6D2BC3608C00516705 /* HypersonicUITests.swift in Sources */ = {isa = PBXBuildFile; fileRef = D54A8F6C2BC3608C00516705 /* HypersonicUITests.swift */; };
		D54A8F6F2BC3608C00516705 /* HypersonicUITestsLaunchTests.swift in Sources */ = {isa = PBXBuildFile; fileRef = D54A8F6E2BC3608C00516705 /* HypersonicUITestsLaunchTests.swift */; };
/* End PBXBuildFile section */

/* Begin PBXContainerItemProxy section */
		D54A8F5F2BC3608C00516705 /* PBXContainerItemProxy */ = {
			isa = PBXContainerItemProxy;
			containerPortal = D54A8F452BC3608B00516705 /* Project object */;
			proxyType = 1;
			remoteGlobalIDString = D54A8F4C2BC3608B00516705;
			remoteInfo = Hypersonic;
		};
		D54A8F692BC3608C00516705 /* PBXContainerItemProxy */ = {
			isa = PBXContainerItemProxy;
			containerPortal = D54A8F452BC3608B00516705 /* Project object */;
			proxyType = 1;
			remoteGlobalIDString = D54A8F4C2BC3608B00516705;
			remoteInfo = Hypersonic;
		};
/* End PBXContainerItemProxy section */

/* Begin PBXFileReference section */
		D54A8F4D2BC3608B00516705 /* Hypersonic.app */ = {isa = PBXFileReference; explicitFileType = wrapper.application; includeInIndex = 0; path = Hypersonic.app; sourceTree = BUILT_PRODUCTS_DIR; };
		D54A8F502BC3608B00516705 /* AppDelegate.swift */ = {isa = PBXFileReference; lastKnownFileType = sourcecode.swift; path = AppDelegate.swift; sourceTree = "<group>"; };
		D54A8F522BC3608B00516705 /* ViewController.swift */ = {isa = PBXFileReference; lastKnownFileType = sourcecode.swift; path = ViewController.swift; sourceTree = "<group>"; };
		D54A8F542BC3608C00516705 /* Assets.xcassets */ = {isa = PBXFileReference; lastKnownFileType = folder.assetcatalog; path = Assets.xcassets; sourceTree = "<group>"; };
		D54A8F572BC3608C00516705 /* Base */ = {isa = PBXFileReference; lastKnownFileType = file.storyboard; name = Base; path = Base.lproj/Main.storyboard; sourceTree = "<group>"; };
		D54A8F592BC3608C00516705 /* Hypersonic.entitlements */ = {isa = PBXFileReference; lastKnownFileType = text.plist.entitlements; path = Hypersonic.entitlements; sourceTree = "<group>"; };
		D54A8F5E2BC3608C00516705 /* HypersonicTests.xctest */ = {isa = PBXFileReference; explicitFileType = wrapper.cfbundle; includeInIndex = 0; path = HypersonicTests.xctest; sourceTree = BUILT_PRODUCTS_DIR; };
		D54A8F622BC3608C00516705 /* HypersonicTests.swift */ = {isa = PBXFileReference; lastKnownFileType = sourcecode.swift; path = HypersonicTests.swift; sourceTree = "<group>"; };
		D54A8F682BC3608C00516705 /* HypersonicUITests.xctest */ = {isa = PBXFileReference; explicitFileType = wrapper.cfbundle; includeInIndex = 0; path = HypersonicUITests.xctest; sourceTree = BUILT_PRODUCTS_DIR; };
		D54A8F6C2BC3608C00516705 /* HypersonicUITests.swift */ = {isa = PBXFileReference; lastKnownFileType = sourcecode.swift; path = HypersonicUITests.swift; sourceTree = "<group>"; };
		D54A8F6E2BC3608C00516705 /* HypersonicUITestsLaunchTests.swift */ = {isa = PBXFileReference; lastKnownFileType = sourcecode.swift; path = HypersonicUITestsLaunchTests.swift; sourceTree = "<group>"; };
/* End PBXFileReference section */

/* Begin PBXFrameworksBuildPhase section */
		D54A8F4A2BC3608B00516705 /* Frameworks */ = {
			isa = PBXFrameworksBuildPhase;
			buildActionMask = 2147483647;
			files = (
			);
			runOnlyForDeploymentPostprocessing = 0;
		};
		D54A8F5B2BC3608C00516705 /* Frameworks */ = {
			isa = PBXFrameworksBuildPhase;
			buildActionMask = 2147483647;
			files = (
			);
			runOnlyForDeploymentPostprocessing = 0;
		};
		D54A8F652BC3608C00516705 /* Frameworks */ = {
			isa = PBXFrameworksBuildPhase;
			buildActionMask = 2147483647;
			files = (
			);
			runOnlyForDeploymentPostprocessing = 0;
		};
/* End PBXFrameworksBuildPhase section */

/* Begin PBXGroup section */
		D54A8F442BC3608B00516705 = {
			isa = PBXGroup;
			children = (
				D54A8F4F2BC3608B00516705 /* Hypersonic */,
				D54A8F612BC3608C00516705 /* HypersonicTests */,
				D54A8F6B2BC3608C00516705 /* HypersonicUITests */,
				D54A8F4E2BC3608B00516705 /* Products */,
			);
			sourceTree = "<group>";
		};
		D54A8F4E2BC3608B00516705 /* Products */ = {
			isa = PBXGroup;
			children = (
				D54A8F4D2BC3608B00516705 /* Hypersonic.app */,
				D54A8F5E2BC3608C00516705 /* HypersonicTests.xctest */,
				D54A8F682BC3608C00516705 /* HypersonicUITests.xctest */,
			);
			name = Products;
			sourceTree = "<group>";
		};
		D54A8F4F2BC3608B00516705 /* Hypersonic */ = {
			isa = PBXGroup;
			children = (
				D54A8F502BC3608B00516705 /* AppDelegate.swift */,
				D54A8F522BC3608B00516705 /* ViewController.swift */,
				D54A8F542BC3608C00516705 /* Assets.xcassets */,
				D54A8F562BC3608C00516705 /* Main.storyboard */,
				D54A8F592BC3608C00516705 /* Hypersonic.entitlements */,
			);
			path = Hypersonic;
			sourceTree = "<group>";
		};
		D54A8F612BC3608C00516705 /* HypersonicTests */ = {
			isa = PBXGroup;
			children = (
				D54A8F622BC3608C00516705 /* HypersonicTests.swift */,
			);
			path = HypersonicTests;
			sourceTree = "<group>";
		};
		D54A8F6B2BC3608C00516705 /* HypersonicUITests */ = {
			isa = PBXGroup;
			children = (
				D54A8F6C2BC3608C00516705 /* HypersonicUITests.swift */,
				D54A8F6E2BC3608C00516705 /* HypersonicUITestsLaunchTests.swift */,
			);
			path = HypersonicUITests;
			sourceTree = "<group>";
		};
/* End PBXGroup section */

/* Begin PBXNativeTarget section */
		D54A8F4C2BC3608B00516705 /* Hypersonic */ = {
			isa = PBXNativeTarget;
			buildConfigurationList = D54A8F722BC3608C00516705 /* Build configuration list for PBXNativeTarget "Hypersonic" */;
			buildPhases = (
				D54A8F492BC3608B00516705 /* Sources */,
				D54A8F4A2BC3608B00516705 /* Frameworks */,
				D54A8F4B2BC3608B00516705 /* Resources */,
			);
			buildRules = (
			);
			dependencies = (
			);
			name = Hypersonic;
			productName = Hypersonic;
			productReference = D54A8F4D2BC3608B00516705 /* Hypersonic.app */;
			productType = "com.apple.product-type.application";
		};
		D54A8F5D2BC3608C00516705 /* HypersonicTests */ = {
			isa = PBXNativeTarget;
			buildConfigurationList = D54A8F752BC3608C00516705 /* Build configuration list for PBXNativeTarget "HypersonicTests" */;
			buildPhases = (
				D54A8F5A2BC3608C00516705 /* Sources */,
				D54A8F5B2BC3608C00516705 /* Frameworks */,
				D54A8F5C2BC3608C00516705 /* Resources */,
			);
			buildRules = (
			);
			dependencies = (
				D54A8F602BC3608C00516705 /* PBXTargetDependency */,
			);
			name = HypersonicTests;
			productName = HypersonicTests;
			productReference = D54A8F5E2BC3608C00516705 /* HypersonicTests.xctest */;
			productType = "com.apple.product-type.bundle.unit-test";
		};
		D54A8F672BC3608C00516705 /* HypersonicUITests */ = {
			isa = PBXNativeTarget;
			buildConfigurationList = D54A8F782BC3608C00516705 /* Build configuration list for PBXNativeTarget "HypersonicUITests" */;
			buildPhases = (
				D54A8F642BC3608C00516705 /* Sources */,
				D54A8F652BC3608C00516705 /* Frameworks */,
				D54A8F662BC3608C00516705 /* Resources */,
			);
			buildRules = (
			);
			dependencies = (
				D54A8F6A2BC3608C00516705 /* PBXTargetDependency */,
			);
			name = HypersonicUITests;
			productName = HypersonicUITests;
			productReference = D54A8F682BC3608C00516705 /* HypersonicUITests.xctest */;
			productType = "com.apple.product-type.bundle.ui-testing";
		};
/* End PBXNativeTarget section */

/* Begin PBXProject section */
		D54A8F452BC3608B00516705 /* Project object */ = {
			isa = PBXProject;
			attributes = {
				BuildIndependentTargetsInParallel = 1;
				LastSwiftUpdateCheck = 1530;
				LastUpgradeCheck = 1530;
				TargetAttributes = {
					D54A8F4C2BC3608B00516705 = {
						CreatedOnToolsVersion = 15.3;
					};
					D54A8F5D2BC3608C00516705 = {
						CreatedOnToolsVersion = 15.3;
						TestTargetID = D54A8F4C2BC3608B00516705;
					};
					D54A8F672BC3608C00516705 = {
						CreatedOnToolsVersion = 15.3;
						TestTargetID = D54A8F4C2BC3608B00516705;
					};
				};
			};
			buildConfigurationList = D54A8F482BC3608B00516705 /* Build configuration list for PBXProject "Hypersonic" */;
			compatibilityVersion = "Xcode 14.0";
			developmentRegion = en;
			hasScannedForEncodings = 0;
			knownRegions = (
				en,
				Base,
			);
			mainGroup = D54A8F442BC3608B00516705;
			productRefGroup = D54A8F4E2BC3608B00516705 /* Products */;
			projectDirPath = "";
			projectRoot = "";
			targets = (
				D54A8F4C2BC3608B00516705 /* Hypersonic */,
				D54A8F5D2BC3608C00516705 /* HypersonicTests */,
				D54A8F672BC3608C00516705 /* HypersonicUITests */,
			);
		};
/* End PBXProject section */

/* Begin PBXResourcesBuildPhase section */
		D54A8F4B2BC3608B00516705 /* Resources */ = {
			isa = PBXResourcesBuildPhase;
			buildActionMask = 2147483647;
			files = (
				D54A8F552BC3608C00516705 /* Assets.xcassets in Resources */,
				D54A8F582BC3608C00516705 /* Base in Resources */,
			);
			runOnlyForDeploymentPostprocessing = 0;
		};
		D54A8F5C2BC3608C00516705 /* Resources */ = {
			isa = PBXResourcesBuildPhase;
			buildActionMask = 2147483647;
			files = (
			);
			runOnlyForDeploymentPostprocessing = 0;
		};
		D54A8F662BC3608C00516705 /* Resources */ = {
			isa = PBXResourcesBuildPhase;
			buildActionMask = 2147483647;
			files = (
			);
			runOnlyForDeploymentPostprocessing = 0;
		};
/* End PBXResourcesBuildPhase section */

/* Begin PBXSourcesBuildPhase section */
		D54A8F492BC3608B00516705 /* Sources */ = {
			isa = PBXSourcesBuildPhase;
			buildActionMask = 2147483647;
			files = (
				D54A8F532BC3608B00516705 /* ViewController.swift in Sources */,
				D54A8F512BC3608B00516705 /* AppDelegate.swift in Sources */,
			);
			runOnlyForDeploymentPostprocessing = 0;
		};
		D54A8F5A2BC3608C00516705 /* Sources */ = {
			isa = PBXSourcesBuildPhase;
			buildActionMask = 2147483647;
			files = (
				D54A8F632BC3608C00516705 /* HypersonicTests.swift in Sources */,
			);
			runOnlyForDeploymentPostprocessing = 0;
		};
		D54A8F642BC3608C00516705 /* Sources */ = {
			isa = PBXSourcesBuildPhase;
			buildActionMask = 2147483647;
			files = (
				D54A8F6F2BC3608C00516705 /* HypersonicUITestsLaunchTests.swift in Sources */,
				D54A8F6D2BC3608C00516705 /* HypersonicUITests.swift in Sources */,
			);
			runOnlyForDeploymentPostprocessing = 0;
		};
/* End PBXSourcesBuildPhase section */

/* Begin PBXTargetDependency section */
		D54A8F602BC3608C00516705 /* PBXTargetDependency */ = {
			isa = PBXTargetDependency;
			target = D54A8F4C2BC3608B00516705 /* Hypersonic */;
			targetProxy = D54A8F5F2BC3608C00516705 /* PBXContainerItemProxy */;
		};
		D54A8F6A2BC3608C00516705 /* PBXTargetDependency */ = {
			isa = PBXTargetDependency;
			target = D54A8F4C2BC3608B00516705 /* Hypersonic */;
			targetProxy = D54A8F692BC3608C00516705 /* PBXContainerItemProxy */;
		};
/* End PBXTargetDependency section */

/* Begin PBXVariantGroup section */
		D54A8F562BC3608C00516705 /* Main.storyboard */ = {
			isa = PBXVariantGroup;
			children = (
				D54A8F572BC3608C00516705 /* Base */,
			);
			name = Main.storyboard;
			sourceTree = "<group>";
		};
/* End PBXVariantGroup section */

/* Begin XCBuildConfiguration section */
		D54A8F702BC3608C00516705 /* Debug */ = {
			isa = XCBuildConfiguration;
			buildSettings = {
				ALWAYS_SEARCH_USER_PATHS = NO;
				ASSETCATALOG_COMPILER_GENERATE_SWIFT_ASSET_SYMBOL_EXTENSIONS = YES;
				CLANG_ANALYZER_NONNULL = YES;
				CLANG_ANALYZER_NUMBER_OBJECT_CONVERSION = YES_AGGRESSIVE;
				CLANG_CXX_LANGUAGE_STANDARD = "gnu++20";
				CLANG_ENABLE_MODULES = YES;
				CLANG_ENABLE_OBJC_ARC = YES;
				CLANG_ENABLE_OBJC_WEAK = YES;
				CLANG_WARN_BLOCK_CAPTURE_AUTORELEASING = YES;
				CLANG_WARN_BOOL_CONVERSION = YES;
				CLANG_WARN_COMMA = YES;
				CLANG_WARN_CONSTANT_CONVERSION = YES;
				CLANG_WARN_DEPRECATED_OBJC_IMPLEMENTATIONS = YES;
				CLANG_WARN_DIRECT_OBJC_ISA_USAGE = YES_ERROR;
				CLANG_WARN_DOCUMENTATION_COMMENTS = YES;
				CLANG_WARN_EMPTY_BODY = YES;
				CLANG_WARN_ENUM_CONVERSION = YES;
				CLANG_WARN_INFINITE_RECURSION = YES;
				CLANG_WARN_INT_CONVERSION = YES;
				CLANG_WARN_NON_LITERAL_NULL_CONVERSION = YES;
				CLANG_WARN_OBJC_IMPLICIT_RETAIN_SELF = YES;
				CLANG_WARN_OBJC_LITERAL_CONVERSION = YES;
				CLANG_WARN_OBJC_ROOT_CLASS = YES_ERROR;
				CLANG_WARN_QUOTED_INCLUDE_IN_FRAMEWORK_HEADER = YES;
				CLANG_WARN_RANGE_LOOP_ANALYSIS = YES;
				CLANG_WARN_STRICT_PROTOTYPES = YES;
				CLANG_WARN_SUSPICIOUS_MOVE = YES;
				CLANG_WARN_UNGUARDED_AVAILABILITY = YES_AGGRESSIVE;
				CLANG_WARN_UNREACHABLE_CODE = YES;
				CLANG_WARN__DUPLICATE_METHOD_MATCH = YES;
				COPY_PHASE_STRIP = NO;
				DEBUG_INFORMATION_FORMAT = dwarf;
				ENABLE_STRICT_OBJC_MSGSEND = YES;
				ENABLE_TESTABILITY = YES;
				ENABLE_USER_SCRIPT_SANDBOXING = YES;
				GCC_C_LANGUAGE_STANDARD = gnu17;
				GCC_DYNAMIC_NO_PIC = NO;
				GCC_NO_COMMON_BLOCKS = YES;
				GCC_OPTIMIZATION_LEVEL = 0;
				GCC_PREPROCESSOR_DEFINITIONS = (
					"DEBUG=1",
					"$(inherited)",
				);
				GCC_WARN_64_TO_32_BIT_CONVERSION = YES;
				GCC_WARN_ABOUT_RETURN_TYPE = YES_ERROR;
				GCC_WARN_UNDECLARED_SELECTOR = YES;
				GCC_WARN_UNINITIALIZED_AUTOS = YES_AGGRESSIVE;
				GCC_WARN_UNUSED_FUNCTION = YES;
				GCC_WARN_UNUSED_VARIABLE = YES;
				LOCALIZATION_PREFERS_STRING_CATALOGS = YES;
				MACOSX_DEPLOYMENT_TARGET = 14.4;
				MTL_ENABLE_DEBUG_INFO = INCLUDE_SOURCE;
				MTL_FAST_MATH = YES;
				ONLY_ACTIVE_ARCH = YES;
				SDKROOT = macosx;
				SWIFT_ACTIVE_COMPILATION_CONDITIONS = "DEBUG $(inherited)";
				SWIFT_OPTIMIZATION_LEVEL = "-Onone";
			};
			name = Debug;
		};
		D54A8F712BC3608C00516705 /* Release */ = {
			isa = XCBuildConfiguration;
			buildSettings = {
				ALWAYS_SEARCH_USER_PATHS = NO;
				ASSETCATALOG_COMPILER_GENERATE_SWIFT_ASSET_SYMBOL_EXTENSIONS = YES;
				CLANG_ANALYZER_NONNULL = YES;
				CLANG_ANALYZER_NUMBER_OBJECT_CONVERSION = YES_AGGRESSIVE;
				CLANG_CXX_LANGUAGE_STANDARD = "gnu++20";
				CLANG_ENABLE_MODULES = YES;
				CLANG_ENABLE_OBJC_ARC = YES;
				CLANG_ENABLE_OBJC_WEAK = YES;
				CLANG_WARN_BLOCK_CAPTURE_AUTORELEASING = YES;
				CLANG_WARN_BOOL_CONVERSION = YES;
				CLANG_WARN_COMMA = YES;
				CLANG_WARN_CONSTANT_CONVERSION = YES;
				CLANG_WARN_DEPRECATED_OBJC_IMPLEMENTATIONS = YES;
				CLANG_WARN_DIRECT_OBJC_ISA_USAGE = YES_ERROR;
				CLANG_WARN_DOCUMENTATION_COMMENTS = YES;
				CLANG_WARN_EMPTY_BODY = YES;
				CLANG_WARN_ENUM_CONVERSION = YES;
				CLANG_WARN_INFINITE_RECURSION = YES;
				CLANG_WARN_INT_CONVERSION = YES;
				CLANG_WARN_NON_LITERAL_NULL_CONVERSION = YES;
				CLANG_WARN_OBJC_IMPLICIT_RETAIN_SELF = YES;
				CLANG_WARN_OBJC_LITERAL_CONVERSION = YES;
				CLANG_WARN_OBJC_ROOT_CLASS = YES_ERROR;
				CLANG_WARN_QUOTED_INCLUDE_IN_FRAMEWORK_HEADER = YES;
				CLANG_WARN_RANGE_LOOP_ANALYSIS = YES;
				CLANG_WARN_STRICT_PROTOTYPES = YES;
				CLANG_WARN_SUSPICIOUS_MOVE = YES;
				CLANG_WARN_UNGUARDED_AVAILABILITY = YES_AGGRESSIVE;
				CLANG_WARN_UNREACHABLE_CODE = YES;
				CLANG_WARN__DUPLICATE_METHOD_MATCH = YES;
				COPY_PHASE_STRIP = NO;
				DEBUG_INFORMATION_FORMAT = "dwarf-with-dsym";
				ENABLE_NS_ASSERTIONS = NO;
				ENABLE_STRICT_OBJC_MSGSEND = YES;
				ENABLE_USER_SCRIPT_SANDBOXING = YES;
				GCC_C_LANGUAGE_STANDARD = gnu17;
				GCC_NO_COMMON_BLOCKS = YES;
				GCC_WARN_64_TO_32_BIT_CONVERSION = YES;
				GCC_WARN_ABOUT_RETURN_TYPE = YES_ERROR;
				GCC_WARN_UNDECLARED_SELECTOR = YES;
				GCC_WARN_UNINITIALIZED_AUTOS = YES_AGGRESSIVE;
				GCC_WARN_UNUSED_FUNCTION = YES;
				GCC_WARN_UNUSED_VARIABLE = YES;
				LOCALIZATION_PREFERS_STRING_CATALOGS = YES;
				MACOSX_DEPLOYMENT_TARGET = 14.4;
				MTL_ENABLE_DEBUG_INFO = NO;
				MTL_FAST_MATH = YES;
				SDKROOT = macosx;
				SWIFT_COMPILATION_MODE = wholemodule;
			};
			name = Release;
		};
		D54A8F732BC3608C00516705 /* Debug */ = {
			isa = XCBuildConfiguration;
			buildSettings = {
				ASSETCATALOG_COMPILER_APPICON_NAME = AppIcon;
				ASSETCATALOG_COMPILER_GLOBAL_ACCENT_COLOR_NAME = AccentColor;
				CODE_SIGN_ENTITLEMENTS = Hypersonic/Hypersonic.entitlements;
				CODE_SIGN_STYLE = Automatic;
				COMBINE_HIDPI_IMAGES = YES;
				CURRENT_PROJECT_VERSION = 1;
				GENERATE_INFOPLIST_FILE = YES;
				INFOPLIST_KEY_NSHumanReadableCopyright = "";
				INFOPLIST_KEY_NSMainStoryboardFile = Main;
				INFOPLIST_KEY_NSPrincipalClass = NSApplication;
				LD_RUNPATH_SEARCH_PATHS = (
					"$(inherited)",
					"@executable_path/../Frameworks",
				);
				MARKETING_VERSION = 1.0;
				PRODUCT_BUNDLE_IDENTIFIER = com.tiwenlab.hypersonic.Hypersonic;
				PRODUCT_NAME = "$(TARGET_NAME)";
				SWIFT_EMIT_LOC_STRINGS = YES;
				SWIFT_VERSION = 5.0;
			};
			name = Debug;
		};
		D54A8F742BC3608C00516705 /* Release */ = {
			isa = XCBuildConfiguration;
			buildSettings = {
				ASSETCATALOG_COMPILER_APPICON_NAME = AppIcon;
				ASSETCATALOG_COMPILER_GLOBAL_ACCENT_COLOR_NAME = AccentColor;
				CODE_SIGN_ENTITLEMENTS = Hypersonic/Hypersonic.entitlements;
				CODE_SIGN_STYLE = Automatic;
				COMBINE_HIDPI_IMAGES = YES;
				CURRENT_PROJECT_VERSION = 1;
				GENERATE_INFOPLIST_FILE = YES;
				INFOPLIST_KEY_NSHumanReadableCopyright = "";
				INFOPLIST_KEY_NSMainStoryboardFile = Main;
				INFOPLIST_KEY_NSPrincipalClass = NSApplication;
				LD_RUNPATH_SEARCH_PATHS = (
					"$(inherited)",
					"@executable_path/../Frameworks",
				);
				MARKETING_VERSION = 1.0;
				PRODUCT_BUNDLE_IDENTIFIER = com.tiwenlab.hypersonic.Hypersonic;
				PRODUCT_NAME = "$(TARGET_NAME)";
				SWIFT_EMIT_LOC_STRINGS = YES;
				SWIFT_VERSION = 5.0;
			};
			name = Release;
		};
		D54A8F762BC3608C00516705 /* Debug */ = {
			isa = XCBuildConfiguration;
			buildSettings = {
				ALWAYS_EMBED_SWIFT_STANDARD_LIBRARIES = YES;
				BUNDLE_LOADER = "$(TEST_HOST)";
				CODE_SIGN_STYLE = Automatic;
				CURRENT_PROJECT_VERSION = 1;
				GENERATE_INFOPLIST_FILE = YES;
				MACOSX_DEPLOYMENT_TARGET = 14.4;
				MARKETING_VERSION = 1.0;
				PRODUCT_BUNDLE_IDENTIFIER = com.tiwenlab.hypersonic.HypersonicTests;
				PRODUCT_NAME = "$(TARGET_NAME)";
				SWIFT_EMIT_LOC_STRINGS = NO;
				SWIFT_VERSION = 5.0;
				TEST_HOST = "$(BUILT_PRODUCTS_DIR)/Hypersonic.app/$(BUNDLE_EXECUTABLE_FOLDER_PATH)/Hypersonic";
			};
			name = Debug;
		};
		D54A8F772BC3608C00516705 /* Release */ = {
			isa = XCBuildConfiguration;
			buildSettings = {
				ALWAYS_EMBED_SWIFT_STANDARD_LIBRARIES = YES;
				BUNDLE_LOADER = "$(TEST_HOST)";
				CODE_SIGN_STYLE = Automatic;
				CURRENT_PROJECT_VERSION = 1;
				GENERATE_INFOPLIST_FILE = YES;
				MACOSX_DEPLOYMENT_TARGET = 14.4;
				MARKETING_VERSION = 1.0;
				PRODUCT_BUNDLE_IDENTIFIER = com.tiwenlab.hypersonic.HypersonicTests;
				PRODUCT_NAME = "$(TARGET_NAME)";
				SWIFT_EMIT_LOC_STRINGS = NO;
				SWIFT_VERSION = 5.0;
				TEST_HOST = "$(BUILT_PRODUCTS_DIR)/Hypersonic.app/$(BUNDLE_EXECUTABLE_FOLDER_PATH)/Hypersonic";
			};
			name = Release;
		};
		D54A8F792BC3608C00516705 /* Debug */ = {
			isa = XCBuildConfiguration;
			buildSettings = {
				ALWAYS_EMBED_SWIFT_STANDARD_LIBRARIES = YES;
				CODE_SIGN_STYLE = Automatic;
				CURRENT_PROJECT_VERSION = 1;
				GENERATE_INFOPLIST_FILE = YES;
				MARKETING_VERSION = 1.0;
				PRODUCT_BUNDLE_IDENTIFIER = com.tiwenlab.hypersonic.HypersonicUITests;
				PRODUCT_NAME = "$(TARGET_NAME)";
				SWIFT_EMIT_LOC_STRINGS = NO;
				SWIFT_VERSION = 5.0;
				TEST_TARGET_NAME = Hypersonic;
			};
			name = Debug;
		};
		D54A8F7A2BC3608C00516705 /* Release */ = {
			isa = XCBuildConfiguration;
			buildSettings = {
				ALWAYS_EMBED_SWIFT_STANDARD_LIBRARIES = YES;
				CODE_SIGN_STYLE = Automatic;
				CURRENT_PROJECT_VERSION = 1;
				GENERATE_INFOPLIST_FILE = YES;
				MARKETING_VERSION = 1.0;
				PRODUCT_BUNDLE_IDENTIFIER = com.tiwenlab.hypersonic.HypersonicUITests;
				PRODUCT_NAME = "$(TARGET_NAME)";
				SWIFT_EMIT_LOC_STRINGS = NO;
				SWIFT_VERSION = 5.0;
				TEST_TARGET_NAME = Hypersonic;
			};
			name = Release;
		};
/* End XCBuildConfiguration section */

/* Begin XCConfigurationList section */
		D54A8F482BC3608B00516705 /* Build configuration list for PBXProject "Hypersonic" */ = {
			isa = XCConfigurationList;
			buildConfigurations = (
				D54A8F702BC3608C00516705 /* Debug */,
				D54A8F712BC3608C00516705 /* Release */,
			);
			defaultConfigurationIsVisible = 0;
			defaultConfigurationName = Release;
		};
		D54A8F722BC3608C00516705 /* Build configuration list for PBXNativeTarget "Hypersonic" */ = {
			isa = XCConfigurationList;
			buildConfigurations = (
				D54A8F732BC3608C00516705 /* Debug */,
				D54A8F742BC3608C00516705 /* Release */,
			);
			defaultConfigurationIsVisible = 0;
			defaultConfigurationName = Release;
		};
		D54A8F752BC3608C00516705 /* Build configuration list for PBXNativeTarget "HypersonicTests" */ = {
			isa = XCConfigurationList;
			buildConfigurations = (
				D54A8F762BC3608C00516705 /* Debug */,
				D54A8F772BC3608C00516705 /* Release */,
			);
			defaultConfigurationIsVisible = 0;
			defaultConfigurationName = Release;
		};
		D54A8F782BC3608C00516705 /* Build configuration list for PBXNativeTarget "HypersonicUITests" */ = {
			isa = XCConfigurationList;
			buildConfigurations = (
				D54A8F792BC3608C00516705 /* Debug */,
				D54A8F7A2BC3608C00516705 /* Release */,
			);
			defaultConfigurationIsVisible = 0;
			defaultConfigurationName = Release;
		};
/* End XCConfigurationList section */
	};
	rootObject = D54A8F452BC3608B00516705 /* Project object */;
}
