// !$*UTF8*$!
{
	archiveVersion = 1;
	classes = {
	};
	objectVersion = 56;
	objects = {

/* Begin PBXBuildFile section */
		D524A5782BCF44A00067DAA8 /* Blessed in Frameworks */ = {isa = PBXBuildFile; productRef = D524A5772BCF44A00067DAA8 /* Blessed */; };
		D52983252BD5D68100A9863A /* Authorized in Frameworks */ = {isa = PBXBuildFile; productRef = D52983242BD5D68100A9863A /* Authorized */; };
		D52983272BD5D75100A9863A /* Authorized in Frameworks */ = {isa = PBXBuildFile; productRef = D52983262BD5D75100A9863A /* Authorized */; };
		D529832A2BD5DB1100A9863A /* SharedConstants.swift in Sources */ = {isa = PBXBuildFile; fileRef = D599E2822BD1D80D00668D01 /* SharedConstants.swift */; };
		D529832B2BD5DB1100A9863A /* AllowedCommand.swift in Sources */ = {isa = PBXBuildFile; fileRef = D599E2732BD1D79E00668D01 /* AllowedCommand.swift */; };
		D529832C2BD5DB1100A9863A /* CodeInfo.swift in Sources */ = {isa = PBXBuildFile; fileRef = D599E2752BD1D79E00668D01 /* CodeInfo.swift */; };
		D529832D2BD5DB1100A9863A /* HelperToolInfoPropertyList.swift in Sources */ = {isa = PBXBuildFile; fileRef = D599E2742BD1D79E00668D01 /* HelperToolInfoPropertyList.swift */; };
		D529832E2BD5DB1100A9863A /* HelperToolLaunchdPropertyList.swift in Sources */ = {isa = PBXBuildFile; fileRef = D599E2722BD1D79E00668D01 /* HelperToolLaunchdPropertyList.swift */; };
		D529832F2BD5DBD200A9863A /* SharedConstants.swift in Sources */ = {isa = PBXBuildFile; fileRef = D599E2822BD1D80D00668D01 /* SharedConstants.swift */; };
		D52983302BD5DBD500A9863A /* AllowedCommand.swift in Sources */ = {isa = PBXBuildFile; fileRef = D599E2732BD1D79E00668D01 /* AllowedCommand.swift */; };
		D52983312BD5DBD700A9863A /* HelperToolInfoPropertyList.swift in Sources */ = {isa = PBXBuildFile; fileRef = D599E2742BD1D79E00668D01 /* HelperToolInfoPropertyList.swift */; };
		D52983322BD5DBD900A9863A /* HelperToolLaunchdPropertyList.swift in Sources */ = {isa = PBXBuildFile; fileRef = D599E2722BD1D79E00668D01 /* HelperToolLaunchdPropertyList.swift */; };
		D52983342BD5DC2F00A9863A /* Info.plist in Resources */ = {isa = PBXBuildFile; fileRef = D52983332BD5DC2F00A9863A /* Info.plist */; };
		D52983352BD5DC6100A9863A /* com.tiwenlab.hypersonic.helper in CopyFiles */ = {isa = PBXBuildFile; fileRef = D599E29A2BD1E39300668D01 /* com.tiwenlab.hypersonic.helper */; settings = {ATTRIBUTES = (CodeSignOnCopy, ); }; };
		D529833D2BD5DCB300A9863A /* FinderSync.swift in Sources */ = {isa = PBXBuildFile; fileRef = D529833C2BD5DCB300A9863A /* FinderSync.swift */; };
		D52983422BD5DCB300A9863A /* HyperFinderSync.appex in Embed Foundation Extensions */ = {isa = PBXBuildFile; fileRef = D529833A2BD5DCB300A9863A /* HyperFinderSync.appex */; settings = {ATTRIBUTES = (RemoveHeadersOnCopy, ); }; };
		D52983472BD5DCDC00A9863A /* SecureXPC in Frameworks */ = {isa = PBXBuildFile; productRef = D52983462BD5DCDC00A9863A /* SecureXPC */; };
		D54A8F512BC3608B00516705 /* AppDelegate.swift in Sources */ = {isa = PBXBuildFile; fileRef = D54A8F502BC3608B00516705 /* AppDelegate.swift */; };
		D54A8F532BC3608B00516705 /* ViewController.swift in Sources */ = {isa = PBXBuildFile; fileRef = D54A8F522BC3608B00516705 /* ViewController.swift */; };
		D54A8F552BC3608C00516705 /* Assets.xcassets in Resources */ = {isa = PBXBuildFile; fileRef = D54A8F542BC3608C00516705 /* Assets.xcassets */; };
		D54A8F582BC3608C00516705 /* Base in Resources */ = {isa = PBXBuildFile; fileRef = D54A8F572BC3608C00516705 /* Base */; };
		D54A8F632BC3608C00516705 /* HypersonicTests.swift in Sources */ = {isa = PBXBuildFile; fileRef = D54A8F622BC3608C00516705 /* HypersonicTests.swift */; };
		D599E27F2BD1D79E00668D01 /* CodeInfo.swift in Sources */ = {isa = PBXBuildFile; fileRef = D599E2752BD1D79E00668D01 /* CodeInfo.swift */; };
		D599E2882BD1D85A00668D01 /* SecureXPC in Frameworks */ = {isa = PBXBuildFile; productRef = D599E2872BD1D85A00668D01 /* SecureXPC */; };
		D599E29D2BD1E39300668D01 /* main.swift in Sources */ = {isa = PBXBuildFile; fileRef = D599E29C2BD1E39300668D01 /* main.swift */; };
		D5ADA6252BD5CFC800EE83A7 /* AppConfig.xcconfig in Resources */ = {isa = PBXBuildFile; fileRef = D5ADA6242BD5CFC800EE83A7 /* AppConfig.xcconfig */; };
		D5ADA62B2BD5D2DC00EE83A7 /* EmbeddedPropertyList in Frameworks */ = {isa = PBXBuildFile; productRef = D5ADA62A2BD5D2DC00EE83A7 /* EmbeddedPropertyList */; };
		D5ADA62E2BD5D2EA00EE83A7 /* Required in Frameworks */ = {isa = PBXBuildFile; productRef = D5ADA62D2BD5D2EA00EE83A7 /* Required */; };
		D5ADA6302BD5D2F700EE83A7 /* Blessed in Frameworks */ = {isa = PBXBuildFile; productRef = D5ADA62F2BD5D2F700EE83A7 /* Blessed */; };
		D5ADA6322BD5D2FA00EE83A7 /* SecureXPC in Frameworks */ = {isa = PBXBuildFile; productRef = D5ADA6312BD5D2FA00EE83A7 /* SecureXPC */; };
		D5ADA6342BD5D2FF00EE83A7 /* EmbeddedPropertyList in Frameworks */ = {isa = PBXBuildFile; productRef = D5ADA6332BD5D2FF00EE83A7 /* EmbeddedPropertyList */; };
		D5ADA6362BD5D30100EE83A7 /* Required in Frameworks */ = {isa = PBXBuildFile; productRef = D5ADA6352BD5D30100EE83A7 /* Required */; };
		D5D3EEA82BD721BD003DA355 /* CocoaLumberjackSwift in Frameworks */ = {isa = PBXBuildFile; productRef = D5D3EEA72BD721BD003DA355 /* CocoaLumberjackSwift */; };
		D5D3EEAA2BD721C5003DA355 /* CocoaLumberjackSwift in Frameworks */ = {isa = PBXBuildFile; productRef = D5D3EEA92BD721C5003DA355 /* CocoaLumberjackSwift */; };
/* End PBXBuildFile section */

/* Begin PBXContainerItemProxy section */
		D52983402BD5DCB300A9863A /* PBXContainerItemProxy */ = {
			isa = PBXContainerItemProxy;
			containerPortal = D54A8F452BC3608B00516705 /* Project object */;
			proxyType = 1;
			remoteGlobalIDString = D52983392BD5DCB300A9863A;
			remoteInfo = HyperFinderSync;
		};
		D54A8F5F2BC3608C00516705 /* PBXContainerItemProxy */ = {
			isa = PBXContainerItemProxy;
			containerPortal = D54A8F452BC3608B00516705 /* Project object */;
			proxyType = 1;
			remoteGlobalIDString = D54A8F4C2BC3608B00516705;
			remoteInfo = Hypersonic;
		};
/* End PBXContainerItemProxy section */

/* Begin PBXCopyFilesBuildPhase section */
		D524A5792BCF44B30067DAA8 /* CopyFiles */ = {
			isa = PBXCopyFilesBuildPhase;
			buildActionMask = 2147483647;
			dstPath = Contents/Library/LaunchServices;
			dstSubfolderSpec = 1;
			files = (
				D52983352BD5DC6100A9863A /* com.tiwenlab.hypersonic.helper in CopyFiles */,
			);
			runOnlyForDeploymentPostprocessing = 0;
		};
		D599E2982BD1E39300668D01 /* CopyFiles */ = {
			isa = PBXCopyFilesBuildPhase;
			buildActionMask = 2147483647;
			dstPath = /usr/share/man/man1/;
			dstSubfolderSpec = 0;
			files = (
			);
			runOnlyForDeploymentPostprocessing = 1;
		};
		D5ED037B2BC4B53100FED1F0 /* Embed Foundation Extensions */ = {
			isa = PBXCopyFilesBuildPhase;
			buildActionMask = 2147483647;
			dstPath = "";
			dstSubfolderSpec = 13;
			files = (
				D52983422BD5DCB300A9863A /* HyperFinderSync.appex in Embed Foundation Extensions */,
			);
			name = "Embed Foundation Extensions";
			runOnlyForDeploymentPostprocessing = 0;
		};
/* End PBXCopyFilesBuildPhase section */

/* Begin PBXFileReference section */
		D52983292BD5D86C00A9863A /* Info.plist */ = {isa = PBXFileReference; fileEncoding = 4; lastKnownFileType = text.plist.xml; path = Info.plist; sourceTree = "<group>"; };
		D52983332BD5DC2F00A9863A /* Info.plist */ = {isa = PBXFileReference; fileEncoding = 4; lastKnownFileType = text.plist.xml; path = Info.plist; sourceTree = "<group>"; };
		D529833A2BD5DCB300A9863A /* HyperFinderSync.appex */ = {isa = PBXFileReference; explicitFileType = "wrapper.app-extension"; includeInIndex = 0; path = HyperFinderSync.appex; sourceTree = BUILT_PRODUCTS_DIR; };
		D529833C2BD5DCB300A9863A /* FinderSync.swift */ = {isa = PBXFileReference; lastKnownFileType = sourcecode.swift; path = FinderSync.swift; sourceTree = "<group>"; };
		D529833E2BD5DCB300A9863A /* Info.plist */ = {isa = PBXFileReference; lastKnownFileType = text.plist.xml; path = Info.plist; sourceTree = "<group>"; };
		D529833F2BD5DCB300A9863A /* HyperFinderSync.entitlements */ = {isa = PBXFileReference; lastKnownFileType = text.plist.entitlements; path = HyperFinderSync.entitlements; sourceTree = "<group>"; };
		D54A8F4D2BC3608B00516705 /* Hypersonic.app */ = {isa = PBXFileReference; explicitFileType = wrapper.application; includeInIndex = 0; path = Hypersonic.app; sourceTree = BUILT_PRODUCTS_DIR; };
		D54A8F502BC3608B00516705 /* AppDelegate.swift */ = {isa = PBXFileReference; lastKnownFileType = sourcecode.swift; path = AppDelegate.swift; sourceTree = "<group>"; };
		D54A8F522BC3608B00516705 /* ViewController.swift */ = {isa = PBXFileReference; lastKnownFileType = sourcecode.swift; path = ViewController.swift; sourceTree = "<group>"; };
		D54A8F542BC3608C00516705 /* Assets.xcassets */ = {isa = PBXFileReference; lastKnownFileType = folder.assetcatalog; path = Assets.xcassets; sourceTree = "<group>"; };
		D54A8F572BC3608C00516705 /* Base */ = {isa = PBXFileReference; lastKnownFileType = file.storyboard; name = Base; path = Base.lproj/Main.storyboard; sourceTree = "<group>"; };
		D54A8F592BC3608C00516705 /* Hypersonic.entitlements */ = {isa = PBXFileReference; lastKnownFileType = text.plist.entitlements; path = Hypersonic.entitlements; sourceTree = "<group>"; };
		D54A8F5E2BC3608C00516705 /* HypersonicTests.xctest */ = {isa = PBXFileReference; explicitFileType = wrapper.cfbundle; includeInIndex = 0; path = HypersonicTests.xctest; sourceTree = BUILT_PRODUCTS_DIR; };
		D54A8F622BC3608C00516705 /* HypersonicTests.swift */ = {isa = PBXFileReference; lastKnownFileType = sourcecode.swift; path = HypersonicTests.swift; sourceTree = "<group>"; };
		D599E2722BD1D79E00668D01 /* HelperToolLaunchdPropertyList.swift */ = {isa = PBXFileReference; fileEncoding = 4; lastKnownFileType = sourcecode.swift; path = HelperToolLaunchdPropertyList.swift; sourceTree = "<group>"; };
		D599E2732BD1D79E00668D01 /* AllowedCommand.swift */ = {isa = PBXFileReference; fileEncoding = 4; lastKnownFileType = sourcecode.swift; path = AllowedCommand.swift; sourceTree = "<group>"; };
		D599E2742BD1D79E00668D01 /* HelperToolInfoPropertyList.swift */ = {isa = PBXFileReference; fileEncoding = 4; lastKnownFileType = sourcecode.swift; path = HelperToolInfoPropertyList.swift; sourceTree = "<group>"; };
		D599E2752BD1D79E00668D01 /* CodeInfo.swift */ = {isa = PBXFileReference; fileEncoding = 4; lastKnownFileType = sourcecode.swift; path = CodeInfo.swift; sourceTree = "<group>"; };
		D599E2822BD1D80D00668D01 /* SharedConstants.swift */ = {isa = PBXFileReference; fileEncoding = 4; lastKnownFileType = sourcecode.swift; path = SharedConstants.swift; sourceTree = "<group>"; };
		D599E28D2BD1DA8E00668D01 /* Config.xcconfig */ = {isa = PBXFileReference; lastKnownFileType = text.xcconfig; path = Config.xcconfig; sourceTree = "<group>"; };
		D599E28F2BD1DB7B00668D01 /* PropertyListModifier.swift */ = {isa = PBXFileReference; fileEncoding = 4; lastKnownFileType = sourcecode.swift; path = PropertyListModifier.swift; sourceTree = "<group>"; };
		D599E29A2BD1E39300668D01 /* com.tiwenlab.hypersonic.helper */ = {isa = PBXFileReference; explicitFileType = "compiled.mach-o.executable"; includeInIndex = 0; path = com.tiwenlab.hypersonic.helper; sourceTree = BUILT_PRODUCTS_DIR; };
		D599E29C2BD1E39300668D01 /* main.swift */ = {isa = PBXFileReference; lastKnownFileType = sourcecode.swift; path = main.swift; sourceTree = "<group>"; };
		D5ADA6242BD5CFC800EE83A7 /* AppConfig.xcconfig */ = {isa = PBXFileReference; lastKnownFileType = text.xcconfig; path = AppConfig.xcconfig; sourceTree = "<group>"; };
		D5ADA6262BD5D06100EE83A7 /* HelperToolConfig.xcconfig */ = {isa = PBXFileReference; lastKnownFileType = text.xcconfig; path = HelperToolConfig.xcconfig; sourceTree = "<group>"; };
/* End PBXFileReference section */

/* Begin PBXFrameworksBuildPhase section */
		D52983372BD5DCB300A9863A /* Frameworks */ = {
			isa = PBXFrameworksBuildPhase;
			buildActionMask = 2147483647;
			files = (
				D52983472BD5DCDC00A9863A /* SecureXPC in Frameworks */,
			);
			runOnlyForDeploymentPostprocessing = 0;
		};
		D54A8F4A2BC3608B00516705 /* Frameworks */ = {
			isa = PBXFrameworksBuildPhase;
			buildActionMask = 2147483647;
			files = (
				D52983252BD5D68100A9863A /* Authorized in Frameworks */,
				D524A5782BCF44A00067DAA8 /* Blessed in Frameworks */,
				D5D3EEA82BD721BD003DA355 /* CocoaLumberjackSwift in Frameworks */,
				D5ADA62E2BD5D2EA00EE83A7 /* Required in Frameworks */,
				D599E2882BD1D85A00668D01 /* SecureXPC in Frameworks */,
				D5ADA62B2BD5D2DC00EE83A7 /* EmbeddedPropertyList in Frameworks */,
			);
			runOnlyForDeploymentPostprocessing = 0;
		};
		D54A8F5B2BC3608C00516705 /* Frameworks */ = {
			isa = PBXFrameworksBuildPhase;
			buildActionMask = 2147483647;
			files = (
			);
			runOnlyForDeploymentPostprocessing = 0;
		};
		D599E2972BD1E39300668D01 /* Frameworks */ = {
			isa = PBXFrameworksBuildPhase;
			buildActionMask = 2147483647;
			files = (
				D52983272BD5D75100A9863A /* Authorized in Frameworks */,
				D5ADA6302BD5D2F700EE83A7 /* Blessed in Frameworks */,
				D5D3EEAA2BD721C5003DA355 /* CocoaLumberjackSwift in Frameworks */,
				D5ADA6362BD5D30100EE83A7 /* Required in Frameworks */,
				D5ADA6322BD5D2FA00EE83A7 /* SecureXPC in Frameworks */,
				D5ADA6342BD5D2FF00EE83A7 /* EmbeddedPropertyList in Frameworks */,
			);
			runOnlyForDeploymentPostprocessing = 0;
		};
/* End PBXFrameworksBuildPhase section */

/* Begin PBXGroup section */
		D524A5742BCF448C0067DAA8 /* Frameworks */ = {
			isa = PBXGroup;
			children = (
			);
			name = Frameworks;
			sourceTree = "<group>";
		};
		D529833B2BD5DCB300A9863A /* HyperFinderSync */ = {
			isa = PBXGroup;
			children = (
				D529833C2BD5DCB300A9863A /* FinderSync.swift */,
				D529833E2BD5DCB300A9863A /* Info.plist */,
				D529833F2BD5DCB300A9863A /* HyperFinderSync.entitlements */,
			);
			path = HyperFinderSync;
			sourceTree = "<group>";
		};
		D52DC3DC2BD094AD005FAE10 /* Shared */ = {
			isa = PBXGroup;
			children = (
				D599E2822BD1D80D00668D01 /* SharedConstants.swift */,
				D599E2732BD1D79E00668D01 /* AllowedCommand.swift */,
				D599E2752BD1D79E00668D01 /* CodeInfo.swift */,
				D599E2742BD1D79E00668D01 /* HelperToolInfoPropertyList.swift */,
				D599E2722BD1D79E00668D01 /* HelperToolLaunchdPropertyList.swift */,
			);
			path = Shared;
			sourceTree = "<group>";
		};
		D54A8F442BC3608B00516705 = {
			isa = PBXGroup;
			children = (
				D599E2902BD1DB7B00668D01 /* BuildScripts */,
				D599E28D2BD1DA8E00668D01 /* Config.xcconfig */,
				D52DC3DC2BD094AD005FAE10 /* Shared */,
				D54A8F4F2BC3608B00516705 /* Hypersonic */,
				D54A8F612BC3608C00516705 /* HypersonicTests */,
				D599E29B2BD1E39300668D01 /* HypersonicHelper */,
				D529833B2BD5DCB300A9863A /* HyperFinderSync */,
				D54A8F4E2BC3608B00516705 /* Products */,
				D524A5742BCF448C0067DAA8 /* Frameworks */,
			);
			sourceTree = "<group>";
		};
		D54A8F4E2BC3608B00516705 /* Products */ = {
			isa = PBXGroup;
			children = (
				D54A8F4D2BC3608B00516705 /* Hypersonic.app */,
				D54A8F5E2BC3608C00516705 /* HypersonicTests.xctest */,
				D599E29A2BD1E39300668D01 /* com.tiwenlab.hypersonic.helper */,
				D529833A2BD5DCB300A9863A /* HyperFinderSync.appex */,
			);
			name = Products;
			sourceTree = "<group>";
		};
		D54A8F4F2BC3608B00516705 /* Hypersonic */ = {
			isa = PBXGroup;
			children = (
				D52983332BD5DC2F00A9863A /* Info.plist */,
				D5ADA6242BD5CFC800EE83A7 /* AppConfig.xcconfig */,
				D54A8F502BC3608B00516705 /* AppDelegate.swift */,
				D54A8F542BC3608C00516705 /* Assets.xcassets */,
				D54A8F592BC3608C00516705 /* Hypersonic.entitlements */,
				D54A8F562BC3608C00516705 /* Main.storyboard */,
				D54A8F522BC3608B00516705 /* ViewController.swift */,
			);
			path = Hypersonic;
			sourceTree = "<group>";
		};
		D54A8F612BC3608C00516705 /* HypersonicTests */ = {
			isa = PBXGroup;
			children = (
				D54A8F622BC3608C00516705 /* HypersonicTests.swift */,
			);
			path = HypersonicTests;
			sourceTree = "<group>";
		};
		D599E2902BD1DB7B00668D01 /* BuildScripts */ = {
			isa = PBXGroup;
			children = (
				D599E28F2BD1DB7B00668D01 /* PropertyListModifier.swift */,
			);
			path = BuildScripts;
			sourceTree = "<group>";
		};
		D599E29B2BD1E39300668D01 /* HypersonicHelper */ = {
			isa = PBXGroup;
			children = (
				D52983292BD5D86C00A9863A /* Info.plist */,
				D5ADA6262BD5D06100EE83A7 /* HelperToolConfig.xcconfig */,
				D599E29C2BD1E39300668D01 /* main.swift */,
			);
			path = HypersonicHelper;
			sourceTree = "<group>";
		};
/* End PBXGroup section */

/* Begin PBXNativeTarget section */
		D52983392BD5DCB300A9863A /* HyperFinderSync */ = {
			isa = PBXNativeTarget;
			buildConfigurationList = D52983432BD5DCB300A9863A /* Build configuration list for PBXNativeTarget "HyperFinderSync" */;
			buildPhases = (
				D52983362BD5DCB300A9863A /* Sources */,
				D52983372BD5DCB300A9863A /* Frameworks */,
				D52983382BD5DCB300A9863A /* Resources */,
			);
			buildRules = (
			);
			dependencies = (
			);
			name = HyperFinderSync;
			packageProductDependencies = (
				D52983462BD5DCDC00A9863A /* SecureXPC */,
			);
			productName = HyperFinderSync;
			productReference = D529833A2BD5DCB300A9863A /* HyperFinderSync.appex */;
			productType = "com.apple.product-type.app-extension";
		};
		D54A8F4C2BC3608B00516705 /* Hypersonic */ = {
			isa = PBXNativeTarget;
			buildConfigurationList = D54A8F722BC3608C00516705 /* Build configuration list for PBXNativeTarget "Hypersonic" */;
			buildPhases = (
				D599E2942BD1DBAA00668D01 /* ShellScript */,
				D54A8F492BC3608B00516705 /* Sources */,
				D54A8F4A2BC3608B00516705 /* Frameworks */,
				D54A8F4B2BC3608B00516705 /* Resources */,
				D5ED037B2BC4B53100FED1F0 /* Embed Foundation Extensions */,
				D524A5792BCF44B30067DAA8 /* CopyFiles */,
			);
			buildRules = (
			);
			dependencies = (
				D52983412BD5DCB300A9863A /* PBXTargetDependency */,
			);
			name = Hypersonic;
			packageProductDependencies = (
				D524A5772BCF44A00067DAA8 /* Blessed */,
				D599E2872BD1D85A00668D01 /* SecureXPC */,
				D5ADA62A2BD5D2DC00EE83A7 /* EmbeddedPropertyList */,
				D5ADA62D2BD5D2EA00EE83A7 /* Required */,
				D52983242BD5D68100A9863A /* Authorized */,
				D5D3EEA72BD721BD003DA355 /* CocoaLumberjackSwift */,
			);
			productName = Hypersonic;
			productReference = D54A8F4D2BC3608B00516705 /* Hypersonic.app */;
			productType = "com.apple.product-type.application";
		};
		D54A8F5D2BC3608C00516705 /* HypersonicTests */ = {
			isa = PBXNativeTarget;
			buildConfigurationList = D54A8F752BC3608C00516705 /* Build configuration list for PBXNativeTarget "HypersonicTests" */;
			buildPhases = (
				D54A8F5A2BC3608C00516705 /* Sources */,
				D54A8F5B2BC3608C00516705 /* Frameworks */,
				D54A8F5C2BC3608C00516705 /* Resources */,
			);
			buildRules = (
			);
			dependencies = (
				D54A8F602BC3608C00516705 /* PBXTargetDependency */,
			);
			name = HypersonicTests;
			productName = HypersonicTests;
			productReference = D54A8F5E2BC3608C00516705 /* HypersonicTests.xctest */;
			productType = "com.apple.product-type.bundle.unit-test";
		};
		D599E2992BD1E39300668D01 /* HypersonicHelper */ = {
			isa = PBXNativeTarget;
			buildConfigurationList = D599E29E2BD1E39300668D01 /* Build configuration list for PBXNativeTarget "HypersonicHelper" */;
			buildPhases = (
				D52983282BD5D79000A9863A /* ShellScript */,
				D599E2962BD1E39300668D01 /* Sources */,
				D599E2972BD1E39300668D01 /* Frameworks */,
				D599E2982BD1E39300668D01 /* CopyFiles */,
			);
			buildRules = (
			);
			dependencies = (
			);
			name = HypersonicHelper;
			packageProductDependencies = (
				D5ADA62F2BD5D2F700EE83A7 /* Blessed */,
				D5ADA6312BD5D2FA00EE83A7 /* SecureXPC */,
				D5ADA6332BD5D2FF00EE83A7 /* EmbeddedPropertyList */,
				D5ADA6352BD5D30100EE83A7 /* Required */,
				D52983262BD5D75100A9863A /* Authorized */,
				D5D3EEA92BD721C5003DA355 /* CocoaLumberjackSwift */,
			);
			productName = HypersonicHelper;
			productReference = D599E29A2BD1E39300668D01 /* com.tiwenlab.hypersonic.helper */;
			productType = "com.apple.product-type.tool";
		};
/* End PBXNativeTarget section */

/* Begin PBXProject section */
		D54A8F452BC3608B00516705 /* Project object */ = {
			isa = PBXProject;
			attributes = {
				BuildIndependentTargetsInParallel = 1;
				LastSwiftUpdateCheck = 1530;
				LastUpgradeCheck = 1530;
				TargetAttributes = {
					D52983392BD5DCB300A9863A = {
						CreatedOnToolsVersion = 15.3;
					};
					D54A8F4C2BC3608B00516705 = {
						CreatedOnToolsVersion = 15.3;
					};
					D54A8F5D2BC3608C00516705 = {
						CreatedOnToolsVersion = 15.3;
						TestTargetID = D54A8F4C2BC3608B00516705;
					};
					D599E2992BD1E39300668D01 = {
						CreatedOnToolsVersion = 15.3;
					};
				};
			};
			buildConfigurationList = D54A8F482BC3608B00516705 /* Build configuration list for PBXProject "Hypersonic" */;
			compatibilityVersion = "Xcode 14.0";
			developmentRegion = en;
			hasScannedForEncodings = 0;
			knownRegions = (
				en,
				Base,
			);
			mainGroup = D54A8F442BC3608B00516705;
			packageReferences = (
				D524A5682BCF42940067DAA8 /* XCRemoteSwiftPackageReference "Blessed" */,
				D599E2862BD1D82800668D01 /* XCRemoteSwiftPackageReference "SecureXPC" */,
				D5ADA6292BD5D2DC00EE83A7 /* XCRemoteSwiftPackageReference "EmbeddedPropertyList" */,
				D5ADA62C2BD5D2EA00EE83A7 /* XCRemoteSwiftPackageReference "Required" */,
				D52983232BD5D68100A9863A /* XCRemoteSwiftPackageReference "Authorized" */,
				D5D3EEA62BD72198003DA355 /* XCRemoteSwiftPackageReference "CocoaLumberjack" */,
			);
			productRefGroup = D54A8F4E2BC3608B00516705 /* Products */;
			projectDirPath = "";
			projectRoot = "";
			targets = (
				D54A8F4C2BC3608B00516705 /* Hypersonic */,
				D54A8F5D2BC3608C00516705 /* HypersonicTests */,
				D599E2992BD1E39300668D01 /* HypersonicHelper */,
				D52983392BD5DCB300A9863A /* HyperFinderSync */,
			);
		};
/* End PBXProject section */

/* Begin PBXResourcesBuildPhase section */
		D52983382BD5DCB300A9863A /* Resources */ = {
			isa = PBXResourcesBuildPhase;
			buildActionMask = 2147483647;
			files = (
			);
			runOnlyForDeploymentPostprocessing = 0;
		};
		D54A8F4B2BC3608B00516705 /* Resources */ = {
			isa = PBXResourcesBuildPhase;
			buildActionMask = 2147483647;
			files = (
				D52983342BD5DC2F00A9863A /* Info.plist in Resources */,
				D54A8F552BC3608C00516705 /* Assets.xcassets in Resources */,
				D5ADA6252BD5CFC800EE83A7 /* AppConfig.xcconfig in Resources */,
				D54A8F582BC3608C00516705 /* Base in Resources */,
			);
			runOnlyForDeploymentPostprocessing = 0;
		};
		D54A8F5C2BC3608C00516705 /* Resources */ = {
			isa = PBXResourcesBuildPhase;
			buildActionMask = 2147483647;
			files = (
			);
			runOnlyForDeploymentPostprocessing = 0;
		};
/* End PBXResourcesBuildPhase section */

/* Begin PBXShellScriptBuildPhase section */
		D52983282BD5D79000A9863A /* ShellScript */ = {
			isa = PBXShellScriptBuildPhase;
			buildActionMask = 2147483647;
			files = (
			);
			inputFileListPaths = (
			);
			inputPaths = (
			);
			outputFileListPaths = (
			);
			outputPaths = (
			);
			runOnlyForDeploymentPostprocessing = 0;
			shellPath = /bin/sh;
			shellScript = "# Type a script or drag a script file from your workspace to insert its path.\n\"${SRCROOT}\"/BuildScripts/PropertyListModifier.swift satisfy-job-bless-requirements specify-mach-services auto-increment-version\n";
		};
		D599E2942BD1DBAA00668D01 /* ShellScript */ = {
			isa = PBXShellScriptBuildPhase;
			buildActionMask = 2147483647;
			files = (
			);
			inputFileListPaths = (
			);
			inputPaths = (
			);
			outputFileListPaths = (
			);
			outputPaths = (
			);
			runOnlyForDeploymentPostprocessing = 0;
			shellPath = /bin/sh;
			shellScript = "# Type a script or drag a script file from your workspace to insert its path.\n\"${SRCROOT}\"/BuildScripts/PropertyListModifier.swift satisfy-job-bless-requirements\n";
		};
/* End PBXShellScriptBuildPhase section */

/* Begin PBXSourcesBuildPhase section */
		D52983362BD5DCB300A9863A /* Sources */ = {
			isa = PBXSourcesBuildPhase;
			buildActionMask = 2147483647;
			files = (
				D529833D2BD5DCB300A9863A /* FinderSync.swift in Sources */,
			);
			runOnlyForDeploymentPostprocessing = 0;
		};
		D54A8F492BC3608B00516705 /* Sources */ = {
			isa = PBXSourcesBuildPhase;
			buildActionMask = 2147483647;
			files = (
				D52983322BD5DBD900A9863A /* HelperToolLaunchdPropertyList.swift in Sources */,
				D52983312BD5DBD700A9863A /* HelperToolInfoPropertyList.swift in Sources */,
				D52983302BD5DBD500A9863A /* AllowedCommand.swift in Sources */,
				D529832F2BD5DBD200A9863A /* SharedConstants.swift in Sources */,
				D599E27F2BD1D79E00668D01 /* CodeInfo.swift in Sources */,
				D54A8F532BC3608B00516705 /* ViewController.swift in Sources */,
				D54A8F512BC3608B00516705 /* AppDelegate.swift in Sources */,
			);
			runOnlyForDeploymentPostprocessing = 0;
		};
		D54A8F5A2BC3608C00516705 /* Sources */ = {
			isa = PBXSourcesBuildPhase;
			buildActionMask = 2147483647;
			files = (
				D54A8F632BC3608C00516705 /* HypersonicTests.swift in Sources */,
			);
			runOnlyForDeploymentPostprocessing = 0;
		};
		D599E2962BD1E39300668D01 /* Sources */ = {
			isa = PBXSourcesBuildPhase;
			buildActionMask = 2147483647;
			files = (
				D529832A2BD5DB1100A9863A /* SharedConstants.swift in Sources */,
				D529832B2BD5DB1100A9863A /* AllowedCommand.swift in Sources */,
				D529832C2BD5DB1100A9863A /* CodeInfo.swift in Sources */,
				D529832D2BD5DB1100A9863A /* HelperToolInfoPropertyList.swift in Sources */,
				D529832E2BD5DB1100A9863A /* HelperToolLaunchdPropertyList.swift in Sources */,
				D599E29D2BD1E39300668D01 /* main.swift in Sources */,
			);
			runOnlyForDeploymentPostprocessing = 0;
		};
/* End PBXSourcesBuildPhase section */

/* Begin PBXTargetDependency section */
		D52983412BD5DCB300A9863A /* PBXTargetDependency */ = {
			isa = PBXTargetDependency;
			target = D52983392BD5DCB300A9863A /* HyperFinderSync */;
			targetProxy = D52983402BD5DCB300A9863A /* PBXContainerItemProxy */;
		};
		D54A8F602BC3608C00516705 /* PBXTargetDependency */ = {
			isa = PBXTargetDependency;
			target = D54A8F4C2BC3608B00516705 /* Hypersonic */;
			targetProxy = D54A8F5F2BC3608C00516705 /* PBXContainerItemProxy */;
		};
/* End PBXTargetDependency section */

/* Begin PBXVariantGroup section */
		D54A8F562BC3608C00516705 /* Main.storyboard */ = {
			isa = PBXVariantGroup;
			children = (
				D54A8F572BC3608C00516705 /* Base */,
			);
			name = Main.storyboard;
			sourceTree = "<group>";
		};
/* End PBXVariantGroup section */

/* Begin XCBuildConfiguration section */
		D52983442BD5DCB300A9863A /* Debug */ = {
			isa = XCBuildConfiguration;
			buildSettings = {
				CODE_SIGN_ENTITLEMENTS = HyperFinderSync/HyperFinderSync.entitlements;
				CODE_SIGN_IDENTITY = "Developer ID Application";
				"CODE_SIGN_IDENTITY[sdk=macosx*]" = "Apple Development";
				CODE_SIGN_STYLE = Automatic;
				COMBINE_HIDPI_IMAGES = YES;
				CURRENT_PROJECT_VERSION = 1;
				DEVELOPMENT_TEAM = YSM8K853CQ;
				ENABLE_HARDENED_RUNTIME = YES;
				GENERATE_INFOPLIST_FILE = YES;
				INFOPLIST_FILE = HyperFinderSync/Info.plist;
				INFOPLIST_KEY_CFBundleDisplayName = HyperFinderSync;
				INFOPLIST_KEY_NSHumanReadableCopyright = "";
				LD_RUNPATH_SEARCH_PATHS = (
					"$(inherited)",
					"@executable_path/../Frameworks",
					"@executable_path/../../../../Frameworks",
				);
				MACOSX_DEPLOYMENT_TARGET = 11.0;
				MARKETING_VERSION = 1.0;
				PRODUCT_BUNDLE_IDENTIFIER = com.tiwenlab.hypersonic.HyperFinderSync;
				PRODUCT_NAME = "$(TARGET_NAME)";
				SKIP_INSTALL = YES;
				SWIFT_EMIT_LOC_STRINGS = YES;
				SWIFT_VERSION = 5.0;
			};
			name = Debug;
		};
		D52983452BD5DCB300A9863A /* Release */ = {
			isa = XCBuildConfiguration;
			buildSettings = {
				CODE_SIGN_ENTITLEMENTS = HyperFinderSync/HyperFinderSync.entitlements;
				CODE_SIGN_IDENTITY = "Developer ID Application";
				"CODE_SIGN_IDENTITY[sdk=macosx*]" = "Apple Development";
				CODE_SIGN_STYLE = Automatic;
				COMBINE_HIDPI_IMAGES = YES;
				CURRENT_PROJECT_VERSION = 1;
				DEVELOPMENT_TEAM = YSM8K853CQ;
				ENABLE_HARDENED_RUNTIME = YES;
				GENERATE_INFOPLIST_FILE = YES;
				INFOPLIST_FILE = HyperFinderSync/Info.plist;
				INFOPLIST_KEY_CFBundleDisplayName = HyperFinderSync;
				INFOPLIST_KEY_NSHumanReadableCopyright = "";
				LD_RUNPATH_SEARCH_PATHS = (
					"$(inherited)",
					"@executable_path/../Frameworks",
					"@executable_path/../../../../Frameworks",
				);
				MACOSX_DEPLOYMENT_TARGET = 11.0;
				MARKETING_VERSION = 1.0;
				PRODUCT_BUNDLE_IDENTIFIER = com.tiwenlab.hypersonic.HyperFinderSync;
				PRODUCT_NAME = "$(TARGET_NAME)";
				SKIP_INSTALL = YES;
				SWIFT_EMIT_LOC_STRINGS = YES;
				SWIFT_VERSION = 5.0;
			};
			name = Release;
		};
		D54A8F702BC3608C00516705 /* Debug */ = {
			isa = XCBuildConfiguration;
			baseConfigurationReference = D599E28D2BD1DA8E00668D01 /* Config.xcconfig */;
			buildSettings = {
				ALWAYS_SEARCH_USER_PATHS = NO;
				ASSETCATALOG_COMPILER_GENERATE_SWIFT_ASSET_SYMBOL_EXTENSIONS = YES;
				CLANG_ANALYZER_NONNULL = YES;
				CLANG_ANALYZER_NUMBER_OBJECT_CONVERSION = YES_AGGRESSIVE;
				CLANG_CXX_LANGUAGE_STANDARD = "gnu++20";
				CLANG_ENABLE_MODULES = YES;
				CLANG_ENABLE_OBJC_ARC = YES;
				CLANG_ENABLE_OBJC_WEAK = YES;
				CLANG_WARN_BLOCK_CAPTURE_AUTORELEASING = YES;
				CLANG_WARN_BOOL_CONVERSION = YES;
				CLANG_WARN_COMMA = YES;
				CLANG_WARN_CONSTANT_CONVERSION = YES;
				CLANG_WARN_DEPRECATED_OBJC_IMPLEMENTATIONS = YES;
				CLANG_WARN_DIRECT_OBJC_ISA_USAGE = YES_ERROR;
				CLANG_WARN_DOCUMENTATION_COMMENTS = YES;
				CLANG_WARN_EMPTY_BODY = YES;
				CLANG_WARN_ENUM_CONVERSION = YES;
				CLANG_WARN_INFINITE_RECURSION = YES;
				CLANG_WARN_INT_CONVERSION = YES;
				CLANG_WARN_NON_LITERAL_NULL_CONVERSION = YES;
				CLANG_WARN_OBJC_IMPLICIT_RETAIN_SELF = YES;
				CLANG_WARN_OBJC_LITERAL_CONVERSION = YES;
				CLANG_WARN_OBJC_ROOT_CLASS = YES_ERROR;
				CLANG_WARN_QUOTED_INCLUDE_IN_FRAMEWORK_HEADER = YES;
				CLANG_WARN_RANGE_LOOP_ANALYSIS = YES;
				CLANG_WARN_STRICT_PROTOTYPES = YES;
				CLANG_WARN_SUSPICIOUS_MOVE = YES;
				CLANG_WARN_UNGUARDED_AVAILABILITY = YES_AGGRESSIVE;
				CLANG_WARN_UNREACHABLE_CODE = YES;
				CLANG_WARN__DUPLICATE_METHOD_MATCH = YES;
				COPY_PHASE_STRIP = NO;
				DEBUG_INFORMATION_FORMAT = dwarf;
				ENABLE_STRICT_OBJC_MSGSEND = YES;
				ENABLE_TESTABILITY = YES;
				ENABLE_USER_SCRIPT_SANDBOXING = YES;
				GCC_C_LANGUAGE_STANDARD = gnu17;
				GCC_DYNAMIC_NO_PIC = NO;
				GCC_NO_COMMON_BLOCKS = YES;
				GCC_OPTIMIZATION_LEVEL = 0;
				GCC_PREPROCESSOR_DEFINITIONS = (
					"DEBUG=1",
					"$(inherited)",
				);
				GCC_WARN_64_TO_32_BIT_CONVERSION = YES;
				GCC_WARN_ABOUT_RETURN_TYPE = YES_ERROR;
				GCC_WARN_UNDECLARED_SELECTOR = YES;
				GCC_WARN_UNINITIALIZED_AUTOS = YES_AGGRESSIVE;
				GCC_WARN_UNUSED_FUNCTION = YES;
				GCC_WARN_UNUSED_VARIABLE = YES;
				LOCALIZATION_PREFERS_STRING_CATALOGS = YES;
				MACOSX_DEPLOYMENT_TARGET = 11.0;
				MTL_ENABLE_DEBUG_INFO = INCLUDE_SOURCE;
				MTL_FAST_MATH = YES;
				ONLY_ACTIVE_ARCH = YES;
				SDKROOT = macosx;
				SWIFT_ACTIVE_COMPILATION_CONDITIONS = "DEBUG $(inherited)";
				SWIFT_OPTIMIZATION_LEVEL = "-Onone";
			};
			name = Debug;
		};
		D54A8F712BC3608C00516705 /* Release */ = {
			isa = XCBuildConfiguration;
			baseConfigurationReference = D599E28D2BD1DA8E00668D01 /* Config.xcconfig */;
			buildSettings = {
				ALWAYS_SEARCH_USER_PATHS = NO;
				ASSETCATALOG_COMPILER_GENERATE_SWIFT_ASSET_SYMBOL_EXTENSIONS = YES;
				CLANG_ANALYZER_NONNULL = YES;
				CLANG_ANALYZER_NUMBER_OBJECT_CONVERSION = YES_AGGRESSIVE;
				CLANG_CXX_LANGUAGE_STANDARD = "gnu++20";
				CLANG_ENABLE_MODULES = YES;
				CLANG_ENABLE_OBJC_ARC = YES;
				CLANG_ENABLE_OBJC_WEAK = YES;
				CLANG_WARN_BLOCK_CAPTURE_AUTORELEASING = YES;
				CLANG_WARN_BOOL_CONVERSION = YES;
				CLANG_WARN_COMMA = YES;
				CLANG_WARN_CONSTANT_CONVERSION = YES;
				CLANG_WARN_DEPRECATED_OBJC_IMPLEMENTATIONS = YES;
				CLANG_WARN_DIRECT_OBJC_ISA_USAGE = YES_ERROR;
				CLANG_WARN_DOCUMENTATION_COMMENTS = YES;
				CLANG_WARN_EMPTY_BODY = YES;
				CLANG_WARN_ENUM_CONVERSION = YES;
				CLANG_WARN_INFINITE_RECURSION = YES;
				CLANG_WARN_INT_CONVERSION = YES;
				CLANG_WARN_NON_LITERAL_NULL_CONVERSION = YES;
				CLANG_WARN_OBJC_IMPLICIT_RETAIN_SELF = YES;
				CLANG_WARN_OBJC_LITERAL_CONVERSION = YES;
				CLANG_WARN_OBJC_ROOT_CLASS = YES_ERROR;
				CLANG_WARN_QUOTED_INCLUDE_IN_FRAMEWORK_HEADER = YES;
				CLANG_WARN_RANGE_LOOP_ANALYSIS = YES;
				CLANG_WARN_STRICT_PROTOTYPES = YES;
				CLANG_WARN_SUSPICIOUS_MOVE = YES;
				CLANG_WARN_UNGUARDED_AVAILABILITY = YES_AGGRESSIVE;
				CLANG_WARN_UNREACHABLE_CODE = YES;
				CLANG_WARN__DUPLICATE_METHOD_MATCH = YES;
				COPY_PHASE_STRIP = NO;
				DEBUG_INFORMATION_FORMAT = "dwarf-with-dsym";
				ENABLE_NS_ASSERTIONS = NO;
				ENABLE_STRICT_OBJC_MSGSEND = YES;
				ENABLE_USER_SCRIPT_SANDBOXING = YES;
				GCC_C_LANGUAGE_STANDARD = gnu17;
				GCC_NO_COMMON_BLOCKS = YES;
				GCC_WARN_64_TO_32_BIT_CONVERSION = YES;
				GCC_WARN_ABOUT_RETURN_TYPE = YES_ERROR;
				GCC_WARN_UNDECLARED_SELECTOR = YES;
				GCC_WARN_UNINITIALIZED_AUTOS = YES_AGGRESSIVE;
				GCC_WARN_UNUSED_FUNCTION = YES;
				GCC_WARN_UNUSED_VARIABLE = YES;
				LOCALIZATION_PREFERS_STRING_CATALOGS = YES;
				MACOSX_DEPLOYMENT_TARGET = 11.0;
				MTL_ENABLE_DEBUG_INFO = NO;
				MTL_FAST_MATH = YES;
				SDKROOT = macosx;
				SWIFT_COMPILATION_MODE = wholemodule;
			};
			name = Release;
		};
		D54A8F732BC3608C00516705 /* Debug */ = {
			isa = XCBuildConfiguration;
			baseConfigurationReference = D5ADA6242BD5CFC800EE83A7 /* AppConfig.xcconfig */;
			buildSettings = {
				ALWAYS_EMBED_SWIFT_STANDARD_LIBRARIES = YES;
				ASSETCATALOG_COMPILER_APPICON_NAME = AppIcon;
				ASSETCATALOG_COMPILER_GLOBAL_ACCENT_COLOR_NAME = AccentColor;
				CODE_SIGN_ENTITLEMENTS = Hypersonic/Hypersonic.entitlements;
				CODE_SIGN_IDENTITY = "Developer ID Application";
				"CODE_SIGN_IDENTITY[sdk=macosx*]" = "Apple Development";
				CODE_SIGN_STYLE = Automatic;
				COMBINE_HIDPI_IMAGES = YES;
				CURRENT_PROJECT_VERSION = 1.0.0;
				DEVELOPMENT_TEAM = YSM8K853CQ;
				ENABLE_USER_SCRIPT_SANDBOXING = NO;
				GCC_PREPROCESSOR_DEFINITIONS = "APP=1";
				GENERATE_INFOPLIST_FILE = YES;
				INFOPLIST_KEY_NSHumanReadableCopyright = "";
				INFOPLIST_KEY_NSMainStoryboardFile = Main;
				INFOPLIST_KEY_NSPrincipalClass = NSApplication;
				LD_RUNPATH_SEARCH_PATHS = (
					"$(inherited)",
					"@executable_path/../Frameworks",
				);
				MACOSX_DEPLOYMENT_TARGET = 11.0;
				MARKETING_VERSION = 1.0.1;
				PRODUCT_BUNDLE_IDENTIFIER = com.tiwenlab.hypersonic;
				PRODUCT_NAME = "$(TARGET_NAME)";
				PROVISIONING_PROFILE_SPECIFIER = "";
				SWIFT_ACTIVE_COMPILATION_CONDITIONS = APP;
				SWIFT_EMIT_LOC_STRINGS = YES;
				SWIFT_VERSION = 5.0;
			};
			name = Debug;
		};
		D54A8F742BC3608C00516705 /* Release */ = {
			isa = XCBuildConfiguration;
			baseConfigurationReference = D5ADA6242BD5CFC800EE83A7 /* AppConfig.xcconfig */;
			buildSettings = {
				ALWAYS_EMBED_SWIFT_STANDARD_LIBRARIES = YES;
				ASSETCATALOG_COMPILER_APPICON_NAME = AppIcon;
				ASSETCATALOG_COMPILER_GLOBAL_ACCENT_COLOR_NAME = AccentColor;
				CODE_SIGN_ENTITLEMENTS = Hypersonic/Hypersonic.entitlements;
				CODE_SIGN_IDENTITY = "Developer ID Application";
				"CODE_SIGN_IDENTITY[sdk=macosx*]" = "Apple Development";
				CODE_SIGN_STYLE = Automatic;
				COMBINE_HIDPI_IMAGES = YES;
				CURRENT_PROJECT_VERSION = 1.0.0;
				DEVELOPMENT_TEAM = YSM8K853CQ;
				ENABLE_USER_SCRIPT_SANDBOXING = NO;
				GCC_PREPROCESSOR_DEFINITIONS = "APP=1";
				GENERATE_INFOPLIST_FILE = YES;
				INFOPLIST_KEY_NSHumanReadableCopyright = "";
				INFOPLIST_KEY_NSMainStoryboardFile = Main;
				INFOPLIST_KEY_NSPrincipalClass = NSApplication;
				LD_RUNPATH_SEARCH_PATHS = (
					"$(inherited)",
					"@executable_path/../Frameworks",
				);
				MACOSX_DEPLOYMENT_TARGET = 11.0;
				MARKETING_VERSION = 1.0.1;
				PRODUCT_BUNDLE_IDENTIFIER = com.tiwenlab.hypersonic;
				PRODUCT_NAME = "$(TARGET_NAME)";
				PROVISIONING_PROFILE_SPECIFIER = "";
				SWIFT_ACTIVE_COMPILATION_CONDITIONS = APP;
				SWIFT_EMIT_LOC_STRINGS = YES;
				SWIFT_VERSION = 5.0;
			};
			name = Release;
		};
		D54A8F762BC3608C00516705 /* Debug */ = {
			isa = XCBuildConfiguration;
			buildSettings = {
				ALWAYS_EMBED_SWIFT_STANDARD_LIBRARIES = YES;
				BUNDLE_LOADER = "$(TEST_HOST)";
				CODE_SIGN_STYLE = Automatic;
				CURRENT_PROJECT_VERSION = 1;
				GENERATE_INFOPLIST_FILE = YES;
				MACOSX_DEPLOYMENT_TARGET = 14.4;
				MARKETING_VERSION = 1.0;
				PRODUCT_BUNDLE_IDENTIFIER = com.tiwenlab.hypersonic.HypersonicTests;
				PRODUCT_NAME = "$(TARGET_NAME)";
				SWIFT_EMIT_LOC_STRINGS = NO;
				SWIFT_VERSION = 5.0;
				TEST_HOST = "$(BUILT_PRODUCTS_DIR)/Hypersonic.app/$(BUNDLE_EXECUTABLE_FOLDER_PATH)/Hypersonic";
			};
			name = Debug;
		};
		D54A8F772BC3608C00516705 /* Release */ = {
			isa = XCBuildConfiguration;
			buildSettings = {
				ALWAYS_EMBED_SWIFT_STANDARD_LIBRARIES = YES;
				BUNDLE_LOADER = "$(TEST_HOST)";
				CODE_SIGN_STYLE = Automatic;
				CURRENT_PROJECT_VERSION = 1;
				GENERATE_INFOPLIST_FILE = YES;
				MACOSX_DEPLOYMENT_TARGET = 14.4;
				MARKETING_VERSION = 1.0;
				PRODUCT_BUNDLE_IDENTIFIER = com.tiwenlab.hypersonic.HypersonicTests;
				PRODUCT_NAME = "$(TARGET_NAME)";
				SWIFT_EMIT_LOC_STRINGS = NO;
				SWIFT_VERSION = 5.0;
				TEST_HOST = "$(BUILT_PRODUCTS_DIR)/Hypersonic.app/$(BUNDLE_EXECUTABLE_FOLDER_PATH)/Hypersonic";
			};
			name = Release;
		};
		D599E29F2BD1E39300668D01 /* Debug */ = {
			isa = XCBuildConfiguration;
			baseConfigurationReference = D5ADA6262BD5D06100EE83A7 /* HelperToolConfig.xcconfig */;
			buildSettings = {
				CODE_SIGN_IDENTITY = "Developer ID Application";
				"CODE_SIGN_IDENTITY[sdk=macosx*]" = "Apple Development";
				CODE_SIGN_STYLE = Automatic;
				DEVELOPMENT_TEAM = YSM8K853CQ;
				ENABLE_USER_SCRIPT_SANDBOXING = NO;
				MACOSX_DEPLOYMENT_TARGET = 11.0;
				PRODUCT_NAME = "$(TARGET_NAME)";
				SWIFT_VERSION = 5.0;
			};
			name = Debug;
		};
		D599E2A02BD1E39300668D01 /* Release */ = {
			isa = XCBuildConfiguration;
			baseConfigurationReference = D5ADA6262BD5D06100EE83A7 /* HelperToolConfig.xcconfig */;
			buildSettings = {
				CODE_SIGN_IDENTITY = "Developer ID Application";
				"CODE_SIGN_IDENTITY[sdk=macosx*]" = "Apple Development";
				CODE_SIGN_STYLE = Automatic;
				DEVELOPMENT_TEAM = YSM8K853CQ;
				ENABLE_USER_SCRIPT_SANDBOXING = NO;
				MACOSX_DEPLOYMENT_TARGET = 11.0;
				PRODUCT_NAME = "$(TARGET_NAME)";
				SWIFT_VERSION = 5.0;
			};
			name = Release;
		};
/* End XCBuildConfiguration section */

/* Begin XCConfigurationList section */
		D52983432BD5DCB300A9863A /* Build configuration list for PBXNativeTarget "HyperFinderSync" */ = {
			isa = XCConfigurationList;
			buildConfigurations = (
				D52983442BD5DCB300A9863A /* Debug */,
				D52983452BD5DCB300A9863A /* Release */,
			);
			defaultConfigurationIsVisible = 0;
			defaultConfigurationName = Release;
		};
		D54A8F482BC3608B00516705 /* Build configuration list for PBXProject "Hypersonic" */ = {
			isa = XCConfigurationList;
			buildConfigurations = (
				D54A8F702BC3608C00516705 /* Debug */,
				D54A8F712BC3608C00516705 /* Release */,
			);
			defaultConfigurationIsVisible = 0;
			defaultConfigurationName = Release;
		};
		D54A8F722BC3608C00516705 /* Build configuration list for PBXNativeTarget "Hypersonic" */ = {
			isa = XCConfigurationList;
			buildConfigurations = (
				D54A8F732BC3608C00516705 /* Debug */,
				D54A8F742BC3608C00516705 /* Release */,
			);
			defaultConfigurationIsVisible = 0;
			defaultConfigurationName = Release;
		};
		D54A8F752BC3608C00516705 /* Build configuration list for PBXNativeTarget "HypersonicTests" */ = {
			isa = XCConfigurationList;
			buildConfigurations = (
				D54A8F762BC3608C00516705 /* Debug */,
				D54A8F772BC3608C00516705 /* Release */,
			);
			defaultConfigurationIsVisible = 0;
			defaultConfigurationName = Release;
		};
		D599E29E2BD1E39300668D01 /* Build configuration list for PBXNativeTarget "HypersonicHelper" */ = {
			isa = XCConfigurationList;
			buildConfigurations = (
				D599E29F2BD1E39300668D01 /* Debug */,
				D599E2A02BD1E39300668D01 /* Release */,
			);
			defaultConfigurationIsVisible = 0;
			defaultConfigurationName = Release;
		};
/* End XCConfigurationList section */

/* Begin XCRemoteSwiftPackageReference section */
		D524A5682BCF42940067DAA8 /* XCRemoteSwiftPackageReference "Blessed" */ = {
			isa = XCRemoteSwiftPackageReference;
			repositoryURL = "https://github.com/trilemma-dev/Blessed.git";
			requirement = {
				kind = upToNextMajorVersion;
				minimumVersion = 0.6.0;
			};
		};
		D52983232BD5D68100A9863A /* XCRemoteSwiftPackageReference "Authorized" */ = {
			isa = XCRemoteSwiftPackageReference;
			repositoryURL = "https://github.com/trilemma-dev/Authorized.git";
			requirement = {
				kind = upToNextMajorVersion;
				minimumVersion = 1.0.0;
			};
		};
		D599E2862BD1D82800668D01 /* XCRemoteSwiftPackageReference "SecureXPC" */ = {
			isa = XCRemoteSwiftPackageReference;
			repositoryURL = "https://github.com/trilemma-dev/SecureXPC.git";
			requirement = {
				kind = upToNextMajorVersion;
				minimumVersion = 0.8.0;
			};
		};
		D5ADA6292BD5D2DC00EE83A7 /* XCRemoteSwiftPackageReference "EmbeddedPropertyList" */ = {
			isa = XCRemoteSwiftPackageReference;
			repositoryURL = "https://github.com/trilemma-dev/EmbeddedPropertyList.git";
			requirement = {
				kind = upToNextMajorVersion;
				minimumVersion = 2.0.2;
			};
		};
		D5ADA62C2BD5D2EA00EE83A7 /* XCRemoteSwiftPackageReference "Required" */ = {
			isa = XCRemoteSwiftPackageReference;
			repositoryURL = "https://github.com/trilemma-dev/Required.git";
			requirement = {
				kind = upToNextMajorVersion;
				minimumVersion = 0.1.1;
			};
		};
		D5D3EEA62BD72198003DA355 /* XCRemoteSwiftPackageReference "CocoaLumberjack" */ = {
			isa = XCRemoteSwiftPackageReference;
			repositoryURL = "https://github.com/CocoaLumberjack/CocoaLumberjack.git";
			requirement = {
				kind = upToNextMajorVersion;
				minimumVersion = 3.8.5;
			};
		};
/* End XCRemoteSwiftPackageReference section */

/* Begin XCSwiftPackageProductDependency section */
		D524A5772BCF44A00067DAA8 /* Blessed */ = {
			isa = XCSwiftPackageProductDependency;
			package = D524A5682BCF42940067DAA8 /* XCRemoteSwiftPackageReference "Blessed" */;
			productName = Blessed;
		};
		D52983242BD5D68100A9863A /* Authorized */ = {
			isa = XCSwiftPackageProductDependency;
			package = D52983232BD5D68100A9863A /* XCRemoteSwiftPackageReference "Authorized" */;
			productName = Authorized;
		};
		D52983262BD5D75100A9863A /* Authorized */ = {
			isa = XCSwiftPackageProductDependency;
			package = D52983232BD5D68100A9863A /* XCRemoteSwiftPackageReference "Authorized" */;
			productName = Authorized;
		};
		D52983462BD5DCDC00A9863A /* SecureXPC */ = {
			isa = XCSwiftPackageProductDependency;
			package = D599E2862BD1D82800668D01 /* XCRemoteSwiftPackageReference "SecureXPC" */;
			productName = SecureXPC;
		};
		D599E2872BD1D85A00668D01 /* SecureXPC */ = {
			isa = XCSwiftPackageProductDependency;
			package = D599E2862BD1D82800668D01 /* XCRemoteSwiftPackageReference "SecureXPC" */;
			productName = SecureXPC;
		};
		D5ADA62A2BD5D2DC00EE83A7 /* EmbeddedPropertyList */ = {
			isa = XCSwiftPackageProductDependency;
			package = D5ADA6292BD5D2DC00EE83A7 /* XCRemoteSwiftPackageReference "EmbeddedPropertyList" */;
			productName = EmbeddedPropertyList;
		};
		D5ADA62D2BD5D2EA00EE83A7 /* Required */ = {
			isa = XCSwiftPackageProductDependency;
			package = D5ADA62C2BD5D2EA00EE83A7 /* XCRemoteSwiftPackageReference "Required" */;
			productName = Required;
		};
		D5ADA62F2BD5D2F700EE83A7 /* Blessed */ = {
			isa = XCSwiftPackageProductDependency;
			package = D524A5682BCF42940067DAA8 /* XCRemoteSwiftPackageReference "Blessed" */;
			productName = Blessed;
		};
		D5ADA6312BD5D2FA00EE83A7 /* SecureXPC */ = {
			isa = XCSwiftPackageProductDependency;
			package = D599E2862BD1D82800668D01 /* XCRemoteSwiftPackageReference "SecureXPC" */;
			productName = SecureXPC;
		};
		D5ADA6332BD5D2FF00EE83A7 /* EmbeddedPropertyList */ = {
			isa = XCSwiftPackageProductDependency;
			package = D5ADA6292BD5D2DC00EE83A7 /* XCRemoteSwiftPackageReference "EmbeddedPropertyList" */;
			productName = EmbeddedPropertyList;
		};
		D5ADA6352BD5D30100EE83A7 /* Required */ = {
			isa = XCSwiftPackageProductDependency;
			package = D5ADA62C2BD5D2EA00EE83A7 /* XCRemoteSwiftPackageReference "Required" */;
			productName = Required;
		};
		D5D3EEA72BD721BD003DA355 /* CocoaLumberjackSwift */ = {
			isa = XCSwiftPackageProductDependency;
			package = D5D3EEA62BD72198003DA355 /* XCRemoteSwiftPackageReference "CocoaLumberjack" */;
			productName = CocoaLumberjackSwift;
		};
		D5D3EEA92BD721C5003DA355 /* CocoaLumberjackSwift */ = {
			isa = XCSwiftPackageProductDependency;
			package = D5D3EEA62BD72198003DA355 /* XCRemoteSwiftPackageReference "CocoaLumberjack" */;
			productName = CocoaLumberjackSwift;
		};
/* End XCSwiftPackageProductDependency section */
	};
	rootObject = D54A8F452BC3608B00516705 /* Project object */;
}
